
Microsoft Visual Studio Solution File, Format Version 12.00
# Visual Studio 2012
Project("{FAE04EC0-301F-11D3-BF4B-00C04F79EFBC}") = "Northwind-AngularJS", "Northwind-AngularJS\Northwind-AngularJS.csproj", "{A2EB74C1-AA8A-4285-AB4F-98288135A365}"
EndProject
Global
	GlobalSection(SolutionConfigurationPlatforms) = preSolution
		Debug|Any CPU = Debug|Any CPU
		Release|Any CPU = Release|Any CPU
	EndGlobalSection
	GlobalSection(ProjectConfigurationPlatforms) = postSolution
		{A2EB74C1-AA8A-4285-AB4F-98288135A365}.Debug|Any CPU.ActiveCfg = Debug|Any CPU
		{A2EB74C1-AA8A-4285-AB4F-98288135A365}.Debug|Any CPU.Build.0 = Debug|Any CPU
		{A2EB74C1-AA8A-4285-AB4F-98288135A365}.Release|Any CPU.ActiveCfg = Release|Any CPU
		{A2EB74C1-AA8A-4285-AB4F-98288135A365}.Release|Any CPU.Build.0 = Release|Any CPU
	EndGlobalSection
	GlobalSection(SolutionProperties) = preSolution
		HideSolutionNode = FALSE
	EndGlobalSection
EndGlobal
